
Microsoft Visual Studio Solution File, Format Version 12.00
# Visual Studio Version 17
VisualStudioVersion = 17.7.34221.43
MinimumVisualStudioVersion = 10.0.40219.1
Project("{FAE04EC0-301F-11D3-BF4B-00C04F79EFBC}") = "LongitudApp", "LongitudApp\LongitudApp.csproj", "{693840A3-1DAE-468D-A960-DE1315A8C088}"
EndProject
Global
	GlobalSection(SolutionConfigurationPlatforms) = preSolution
		Debug|Any CPU = Debug|Any CPU
		Release|Any CPU = Release|Any CPU
	EndGlobalSection
	GlobalSection(ProjectConfigurationPlatforms) = postSolution
		{693840A3-1DAE-468D-A960-DE1315A8C088}.Debug|Any CPU.ActiveCfg = Debug|Any CPU
		{693840A3-1DAE-468D-A960-DE1315A8C088}.Debug|Any CPU.Build.0 = Debug|Any CPU
		{693840A3-1DAE-468D-A960-DE1315A8C088}.Debug|Any CPU.Deploy.0 = Debug|Any CPU
		{693840A3-1DAE-468D-A960-DE1315A8C088}.Release|Any CPU.ActiveCfg = Release|Any CPU
		{693840A3-1DAE-468D-A960-DE1315A8C088}.Release|Any CPU.Build.0 = Release|Any CPU
		{693840A3-1DAE-468D-A960-DE1315A8C088}.Release|Any CPU.Deploy.0 = Release|Any CPU
	EndGlobalSection
	GlobalSection(SolutionProperties) = preSolution
		HideSolutionNode = FALSE
	EndGlobalSection
	GlobalSection(ExtensibilityGlobals) = postSolution
		SolutionGuid = {7C1DEB42-8CD6-445A-B824-96B2A0B126C9}
	EndGlobalSection
EndGlobal
